
Microsoft Visual Studio Solution File, Format Version 12.00
# Visual Studio Version 16
VisualStudioVersion = 16.0.31410.357
MinimumVisualStudioVersion = 10.0.40219.1
Project("{9092AA53-FB77-4645-B42D-1CCCA6BD08BD}") = "NodeJsExpress", "NodeJsExpress\NodeJsExpress.njsproj", "{7F49B2BE-2266-4FD9-B2B5-29BBFEAEDE7F}"
EndProject
Global
	GlobalSection(SolutionConfigurationPlatforms) = preSolution
		Debug|Any CPU = Debug|Any CPU
		Release|Any CPU = Release|Any CPU
	EndGlobalSection
	GlobalSection(ProjectConfigurationPlatforms) = postSolution
		{7F49B2BE-2266-4FD9-B2B5-29BBFEAEDE7F}.Debug|Any CPU.ActiveCfg = Debug|Any CPU
		{7F49B2BE-2266-4FD9-B2B5-29BBFEAEDE7F}.Debug|Any CPU.Build.0 = Debug|Any CPU
		{7F49B2BE-2266-4FD9-B2B5-29BBFEAEDE7F}.Release|Any CPU.ActiveCfg = Release|Any CPU
		{7F49B2BE-2266-4FD9-B2B5-29BBFEAEDE7F}.Release|Any CPU.Build.0 = Release|Any CPU
	EndGlobalSection
	GlobalSection(SolutionProperties) = preSolution
		HideSolutionNode = FALSE
	EndGlobalSection
	GlobalSection(ExtensibilityGlobals) = postSolution
		SolutionGuid = {A7049B0C-864C-40F8-9A14-21B53761AF1E}
	EndGlobalSection
EndGlobal
